
Microsoft Visual Studio Solution File, Format Version 12.00
# Visual Studio Version 17
VisualStudioVersion = 17.5.001.0
MinimumVisualStudioVersion = 10.0.40219.1
Project("{9A19103F-16F7-4668-BE54-9A1E7A4F7556}") = "Authr.WebApp", "Authr.WebApp\Authr.WebApp.csproj", "{4C900255-7111-46A2-ADE5-D9AE3E9D7B95}"
EndProject
Global
	GlobalSection(SolutionConfigurationPlatforms) = preSolution
		Debug|Any CPU = Debug|Any CPU
		Release|Any CPU = Release|Any CPU
	EndGlobalSection
	GlobalSection(ProjectConfigurationPlatforms) = postSolution
		{4C900255-7111-46A2-ADE5-D9AE3E9D7B95}.Debug|Any CPU.ActiveCfg = Debug|Any CPU
		{4C900255-7111-46A2-ADE5-D9AE3E9D7B95}.Debug|Any CPU.Build.0 = Debug|Any CPU
		{4C900255-7111-46A2-ADE5-D9AE3E9D7B95}.Release|Any CPU.ActiveCfg = Release|Any CPU
		{4C900255-7111-46A2-ADE5-D9AE3E9D7B95}.Release|Any CPU.Build.0 = Release|Any CPU
	EndGlobalSection
	GlobalSection(SolutionProperties) = preSolution
		HideSolutionNode = FALSE
	EndGlobalSection
	GlobalSection(ExtensibilityGlobals) = postSolution
		SolutionGuid = {F1586BDB-61A5-45FE-B9DD-C0EC3B7A7DFA}
	EndGlobalSection
EndGlobal
